// !$*UTF8*$!
{
	archiveVersion = 1;
	classes = {
	};
	objectVersion = 50;
	objects = {

/* Begin PBXBuildFile section */
		841E3A6F221D219B008A6545 /* AppDelegate.m in Sources */ = {isa = PBXBuildFile; fileRef = 841E3A6E221D219B008A6545 /* AppDelegate.m */; };
		841E3A72221D219B008A6545 /* ViewController.m in Sources */ = {isa = PBXBuildFile; fileRef = 841E3A71221D219B008A6545 /* ViewController.m */; };
		841E3A75221D219B008A6545 /* Main.storyboard in Resources */ = {isa = PBXBuildFile; fileRef = 841E3A73221D219B008A6545 /* Main.storyboard */; };
		841E3A77221D219F008A6545 /* Assets.xcassets in Resources */ = {isa = PBXBuildFile; fileRef = 841E3A76221D219F008A6545 /* Assets.xcassets */; };
		841E3A7A221D219F008A6545 /* LaunchScreen.storyboard in Resources */ = {isa = PBXBuildFile; fileRef = 841E3A78221D219F008A6545 /* LaunchScreen.storyboard */; };
		841E3A7D221D219F008A6545 /* main.m in Sources */ = {isa = PBXBuildFile; fileRef = 841E3A7C221D219F008A6545 /* main.m */; };
		841E3A87221D219F008A6545 /* algoDemoTests.m in Sources */ = {isa = PBXBuildFile; fileRef = 841E3A86221D219F008A6545 /* algoDemoTests.m */; };
		841E3A97221D23BB008A6545 /* SinglyLinkedList.m in Sources */ = {isa = PBXBuildFile; fileRef = 841E3A94221D23BB008A6545 /* SinglyLinkedList.m */; };
		841E3A98221D23BB008A6545 /* ListNode.m in Sources */ = {isa = PBXBuildFile; fileRef = 841E3A96221D23BB008A6545 /* ListNode.m */; };
		841E3A9A221D23C2008A6545 /* SinglyLinkedListTests.m in Sources */ = {isa = PBXBuildFile; fileRef = 841E3A99221D23C2008A6545 /* SinglyLinkedListTests.m */; };
/* End PBXBuildFile section */

/* Begin PBXContainerItemProxy section */
		841E3A83221D219F008A6545 /* PBXContainerItemProxy */ = {
			isa = PBXContainerItemProxy;
			containerPortal = 841E3A62221D219B008A6545 /* Project object */;
			proxyType = 1;
			remoteGlobalIDString = 841E3A69221D219B008A6545;
			remoteInfo = algoDemo;
		};
/* End PBXContainerItemProxy section */

/* Begin PBXFileReference section */
		841E3A6A221D219B008A6545 /* algoDemo.app */ = {isa = PBXFileReference; explicitFileType = wrapper.application; includeInIndex = 0; path = algoDemo.app; sourceTree = BUILT_PRODUCTS_DIR; };
		841E3A6D221D219B008A6545 /* AppDelegate.h */ = {isa = PBXFileReference; lastKnownFileType = sourcecode.c.h; path = AppDelegate.h; sourceTree = "<group>"; };
		841E3A6E221D219B008A6545 /* AppDelegate.m */ = {isa = PBXFileReference; lastKnownFileType = sourcecode.c.objc; path = AppDelegate.m; sourceTree = "<group>"; };
		841E3A70221D219B008A6545 /* ViewController.h */ = {isa = PBXFileReference; lastKnownFileType = sourcecode.c.h; path = ViewController.h; sourceTree = "<group>"; };
		841E3A71221D219B008A6545 /* ViewController.m */ = {isa = PBXFileReference; lastKnownFileType = sourcecode.c.objc; path = ViewController.m; sourceTree = "<group>"; };
		841E3A74221D219B008A6545 /* Base */ = {isa = PBXFileReference; lastKnownFileType = file.storyboard; name = Base; path = Base.lproj/Main.storyboard; sourceTree = "<group>"; };
		841E3A76221D219F008A6545 /* Assets.xcassets */ = {isa = PBXFileReference; lastKnownFileType = folder.assetcatalog; path = Assets.xcassets; sourceTree = "<group>"; };
		841E3A79221D219F008A6545 /* Base */ = {isa = PBXFileReference; lastKnownFileType = file.storyboard; name = Base; path = Base.lproj/LaunchScreen.storyboard; sourceTree = "<group>"; };
		841E3A7B221D219F008A6545 /* Info.plist */ = {isa = PBXFileReference; lastKnownFileType = text.plist.xml; path = Info.plist; sourceTree = "<group>"; };
		841E3A7C221D219F008A6545 /* main.m */ = {isa = PBXFileReference; lastKnownFileType = sourcecode.c.objc; path = main.m; sourceTree = "<group>"; };
		841E3A82221D219F008A6545 /* algoDemoTests.xctest */ = {isa = PBXFileReference; explicitFileType = wrapper.cfbundle; includeInIndex = 0; path = algoDemoTests.xctest; sourceTree = BUILT_PRODUCTS_DIR; };
		841E3A86221D219F008A6545 /* algoDemoTests.m */ = {isa = PBXFileReference; lastKnownFileType = sourcecode.c.objc; path = algoDemoTests.m; sourceTree = "<group>"; };
		841E3A88221D219F008A6545 /* Info.plist */ = {isa = PBXFileReference; lastKnownFileType = text.plist.xml; path = Info.plist; sourceTree = "<group>"; };
		841E3A93221D23BB008A6545 /* SinglyLinkedList.h */ = {isa = PBXFileReference; fileEncoding = 4; lastKnownFileType = sourcecode.c.h; path = SinglyLinkedList.h; sourceTree = "<group>"; };
		841E3A94221D23BB008A6545 /* SinglyLinkedList.m */ = {isa = PBXFileReference; fileEncoding = 4; lastKnownFileType = sourcecode.c.objc; path = SinglyLinkedList.m; sourceTree = "<group>"; };
		841E3A95221D23BB008A6545 /* ListNode.h */ = {isa = PBXFileReference; fileEncoding = 4; lastKnownFileType = sourcecode.c.h; path = ListNode.h; sourceTree = "<group>"; };
		841E3A96221D23BB008A6545 /* ListNode.m */ = {isa = PBXFileReference; fileEncoding = 4; lastKnownFileType = sourcecode.c.objc; path = ListNode.m; sourceTree = "<group>"; };
		841E3A99221D23C2008A6545 /* SinglyLinkedListTests.m */ = {isa = PBXFileReference; fileEncoding = 4; lastKnownFileType = sourcecode.c.objc; path = SinglyLinkedListTests.m; sourceTree = "<group>"; };
/* End PBXFileReference section */

/* Begin PBXFrameworksBuildPhase section */
		841E3A67221D219B008A6545 /* Frameworks */ = {
			isa = PBXFrameworksBuildPhase;
			buildActionMask = 2147483647;
			files = (
			);
			runOnlyForDeploymentPostprocessing = 0;
		};
		841E3A7F221D219F008A6545 /* Frameworks */ = {
			isa = PBXFrameworksBuildPhase;
			buildActionMask = 2147483647;
			files = (
			);
			runOnlyForDeploymentPostprocessing = 0;
		};
/* End PBXFrameworksBuildPhase section */

/* Begin PBXGroup section */
		841E3A61221D219B008A6545 = {
			isa = PBXGroup;
			children = (
				841E3A6C221D219B008A6545 /* algoDemo */,
				841E3A85221D219F008A6545 /* algoDemoTests */,
				841E3A6B221D219B008A6545 /* Products */,
			);
			sourceTree = "<group>";
		};
		841E3A6B221D219B008A6545 /* Products */ = {
			isa = PBXGroup;
			children = (
				841E3A6A221D219B008A6545 /* algoDemo.app */,
				841E3A82221D219F008A6545 /* algoDemoTests.xctest */,
			);
			name = Products;
			sourceTree = "<group>";
		};
		841E3A6C221D219B008A6545 /* algoDemo */ = {
			isa = PBXGroup;
			children = (
				841E3A92221D2399008A6545 /* linkedList */,
				841E3A91221D234B008A6545 /* support files */,
			);
			path = algoDemo;
			sourceTree = "<group>";
		};
		841E3A85221D219F008A6545 /* algoDemoTests */ = {
			isa = PBXGroup;
			children = (
				841E3A99221D23C2008A6545 /* SinglyLinkedListTests.m */,
				841E3A86221D219F008A6545 /* algoDemoTests.m */,
				841E3A88221D219F008A6545 /* Info.plist */,
			);
			path = algoDemoTests;
			sourceTree = "<group>";
		};
		841E3A91221D234B008A6545 /* support files */ = {
			isa = PBXGroup;
			children = (
				841E3A6D221D219B008A6545 /* AppDelegate.h */,
				841E3A6E221D219B008A6545 /* AppDelegate.m */,
				841E3A70221D219B008A6545 /* ViewController.h */,
				841E3A71221D219B008A6545 /* ViewController.m */,
				841E3A73221D219B008A6545 /* Main.storyboard */,
				841E3A76221D219F008A6545 /* Assets.xcassets */,
				841E3A78221D219F008A6545 /* LaunchScreen.storyboard */,
				841E3A7B221D219F008A6545 /* Info.plist */,
				841E3A7C221D219F008A6545 /* main.m */,
			);
			path = "support files";
			sourceTree = "<group>";
		};
		841E3A92221D2399008A6545 /* linkedList */ = {
			isa = PBXGroup;
			children = (
				841E3A95221D23BB008A6545 /* ListNode.h */,
				841E3A96221D23BB008A6545 /* ListNode.m */,
				841E3A93221D23BB008A6545 /* SinglyLinkedList.h */,
				841E3A94221D23BB008A6545 /* SinglyLinkedList.m */,
			);
			path = linkedList;
			sourceTree = "<group>";
		};
/* End PBXGroup section */

/* Begin PBXNativeTarget section */
		841E3A69221D219B008A6545 /* algoDemo */ = {
			isa = PBXNativeTarget;
			buildConfigurationList = 841E3A8B221D219F008A6545 /* Build configuration list for PBXNativeTarget "algoDemo" */;
			buildPhases = (
				841E3A66221D219B008A6545 /* Sources */,
				841E3A67221D219B008A6545 /* Frameworks */,
				841E3A68221D219B008A6545 /* Resources */,
			);
			buildRules = (
			);
			dependencies = (
			);
			name = algoDemo;
			productName = algoDemo;
			productReference = 841E3A6A221D219B008A6545 /* algoDemo.app */;
			productType = "com.apple.product-type.application";
		};
		841E3A81221D219F008A6545 /* algoDemoTests */ = {
			isa = PBXNativeTarget;
			buildConfigurationList = 841E3A8E221D219F008A6545 /* Build configuration list for PBXNativeTarget "algoDemoTests" */;
			buildPhases = (
				841E3A7E221D219F008A6545 /* Sources */,
				841E3A7F221D219F008A6545 /* Frameworks */,
				841E3A80221D219F008A6545 /* Resources */,
			);
			buildRules = (
			);
			dependencies = (
				841E3A84221D219F008A6545 /* PBXTargetDependency */,
			);
			name = algoDemoTests;
			productName = algoDemoTests;
			productReference = 841E3A82221D219F008A6545 /* algoDemoTests.xctest */;
			productType = "com.apple.product-type.bundle.unit-test";
		};
/* End PBXNativeTarget section */

/* Begin PBXProject section */
		841E3A62221D219B008A6545 /* Project object */ = {
			isa = PBXProject;
			attributes = {
				LastUpgradeCheck = 1010;
				ORGANIZATIONNAME = allyes;
				TargetAttributes = {
					841E3A69221D219B008A6545 = {
						CreatedOnToolsVersion = 10.1;
					};
					841E3A81221D219F008A6545 = {
						CreatedOnToolsVersion = 10.1;
						TestTargetID = 841E3A69221D219B008A6545;
					};
				};
			};
			buildConfigurationList = 841E3A65221D219B008A6545 /* Build configuration list for PBXProject "algoDemo" */;
			compatibilityVersion = "Xcode 9.3";
			developmentRegion = en;
			hasScannedForEncodings = 0;
			knownRegions = (
				en,
				Base,
			);
			mainGroup = 841E3A61221D219B008A6545;
			productRefGroup = 841E3A6B221D219B008A6545 /* Products */;
			projectDirPath = "";
			projectRoot = "";
			targets = (
				841E3A69221D219B008A6545 /* algoDemo */,
				841E3A81221D219F008A6545 /* algoDemoTests */,
			);
		};
/* End PBXProject section */

/* Begin PBXResourcesBuildPhase section */
		841E3A68221D219B008A6545 /* Resources */ = {
			isa = PBXResourcesBuildPhase;
			buildActionMask = 2147483647;
			files = (
				841E3A7A221D219F008A6545 /* LaunchScreen.storyboard in Resources */,
				841E3A77221D219F008A6545 /* Assets.xcassets in Resources */,
				841E3A75221D219B008A6545 /* Main.storyboard in Resources */,
			);
			runOnlyForDeploymentPostprocessing = 0;
		};
		841E3A80221D219F008A6545 /* Resources */ = {
			isa = PBXResourcesBuildPhase;
			buildActionMask = 2147483647;
			files = (
			);
			runOnlyForDeploymentPostprocessing = 0;
		};
/* End PBXResourcesBuildPhase section */

/* Begin PBXSourcesBuildPhase section */
		841E3A66221D219B008A6545 /* Sources */ = {
			isa = PBXSourcesBuildPhase;
			buildActionMask = 2147483647;
			files = (
				841E3A72221D219B008A6545 /* ViewController.m in Sources */,
				841E3A7D221D219F008A6545 /* main.m in Sources */,
				841E3A97221D23BB008A6545 /* SinglyLinkedList.m in Sources */,
				841E3A98221D23BB008A6545 /* ListNode.m in Sources */,
				841E3A6F221D219B008A6545 /* AppDelegate.m in Sources */,
			);
			runOnlyForDeploymentPostprocessing = 0;
		};
		841E3A7E221D219F008A6545 /* Sources */ = {
			isa = PBXSourcesBuildPhase;
			buildActionMask = 2147483647;
			files = (
				841E3A9A221D23C2008A6545 /* SinglyLinkedListTests.m in Sources */,
				841E3A87221D219F008A6545 /* algoDemoTests.m in Sources */,
			);
			runOnlyForDeploymentPostprocessing = 0;
		};
/* End PBXSourcesBuildPhase section */

/* Begin PBXTargetDependency section */
		841E3A84221D219F008A6545 /* PBXTargetDependency */ = {
			isa = PBXTargetDependency;
			target = 841E3A69221D219B008A6545 /* algoDemo */;
			targetProxy = 841E3A83221D219F008A6545 /* PBXContainerItemProxy */;
		};
/* End PBXTargetDependency section */

/* Begin PBXVariantGroup section */
		841E3A73221D219B008A6545 /* Main.storyboard */ = {
			isa = PBXVariantGroup;
			children = (
				841E3A74221D219B008A6545 /* Base */,
			);
			name = Main.storyboard;
			sourceTree = "<group>";
		};
		841E3A78221D219F008A6545 /* LaunchScreen.storyboard */ = {
			isa = PBXVariantGroup;
			children = (
				841E3A79221D219F008A6545 /* Base */,
			);
			name = LaunchScreen.storyboard;
			sourceTree = "<group>";
		};
/* End PBXVariantGroup section */

/* Begin XCBuildConfiguration section */
		841E3A89221D219F008A6545 /* Debug */ = {
			isa = XCBuildConfiguration;
			buildSettings = {
				ALWAYS_SEARCH_USER_PATHS = NO;
				CLANG_ANALYZER_NONNULL = YES;
				CLANG_ANALYZER_NUMBER_OBJECT_CONVERSION = YES_AGGRESSIVE;
				CLANG_CXX_LANGUAGE_STANDARD = "gnu++14";
				CLANG_CXX_LIBRARY = "libc++";
				CLANG_ENABLE_MODULES = YES;
				CLANG_ENABLE_OBJC_ARC = YES;
				CLANG_ENABLE_OBJC_WEAK = YES;
				CLANG_WARN_BLOCK_CAPTURE_AUTORELEASING = YES;
				CLANG_WARN_BOOL_CONVERSION = YES;
				CLANG_WARN_COMMA = YES;
				CLANG_WARN_CONSTANT_CONVERSION = YES;
				CLANG_WARN_DEPRECATED_OBJC_IMPLEMENTATIONS = YES;
				CLANG_WARN_DIRECT_OBJC_ISA_USAGE = YES_ERROR;
				CLANG_WARN_DOCUMENTATION_COMMENTS = YES;
				CLANG_WARN_EMPTY_BODY = YES;
				CLANG_WARN_ENUM_CONVERSION = YES;
				CLANG_WARN_INFINITE_RECURSION = YES;
				CLANG_WARN_INT_CONVERSION = YES;
				CLANG_WARN_NON_LITERAL_NULL_CONVERSION = YES;
				CLANG_WARN_OBJC_IMPLICIT_RETAIN_SELF = YES;
				CLANG_WARN_OBJC_LITERAL_CONVERSION = YES;
				CLANG_WARN_OBJC_ROOT_CLASS = YES_ERROR;
				CLANG_WARN_RANGE_LOOP_ANALYSIS = YES;
				CLANG_WARN_STRICT_PROTOTYPES = YES;
				CLANG_WARN_SUSPICIOUS_MOVE = YES;
				CLANG_WARN_UNGUARDED_AVAILABILITY = YES_AGGRESSIVE;
				CLANG_WARN_UNREACHABLE_CODE = YES;
				CLANG_WARN__DUPLICATE_METHOD_MATCH = YES;
				CODE_SIGN_IDENTITY = "iPhone Developer";
				COPY_PHASE_STRIP = NO;
				DEBUG_INFORMATION_FORMAT = dwarf;
				ENABLE_STRICT_OBJC_MSGSEND = YES;
				ENABLE_TESTABILITY = YES;
				GCC_C_LANGUAGE_STANDARD = gnu11;
				GCC_DYNAMIC_NO_PIC = NO;
				GCC_NO_COMMON_BLOCKS = YES;
				GCC_OPTIMIZATION_LEVEL = 0;
				GCC_PREPROCESSOR_DEFINITIONS = (
					"DEBUG=1",
					"$(inherited)",
				);
				GCC_WARN_64_TO_32_BIT_CONVERSION = YES;
				GCC_WARN_ABOUT_RETURN_TYPE = YES_ERROR;
				GCC_WARN_UNDECLARED_SELECTOR = YES;
				GCC_WARN_UNINITIALIZED_AUTOS = YES_AGGRESSIVE;
				GCC_WARN_UNUSED_FUNCTION = YES;
				GCC_WARN_UNUSED_VARIABLE = YES;
				IPHONEOS_DEPLOYMENT_TARGET = 12.1;
				MTL_ENABLE_DEBUG_INFO = INCLUDE_SOURCE;
				MTL_FAST_MATH = YES;
				ONLY_ACTIVE_ARCH = YES;
				SDKROOT = iphoneos;
			};
			name = Debug;
		};
		841E3A8A221D219F008A6545 /* Release */ = {
			isa = XCBuildConfiguration;
			buildSettings = {
				ALWAYS_SEARCH_USER_PATHS = NO;
				CLANG_ANALYZER_NONNULL = YES;
				CLANG_ANALYZER_NUMBER_OBJECT_CONVERSION = YES_AGGRESSIVE;
				CLANG_CXX_LANGUAGE_STANDARD = "gnu++14";
				CLANG_CXX_LIBRARY = "libc++";
				CLANG_ENABLE_MODULES = YES;
				CLANG_ENABLE_OBJC_ARC = YES;
				CLANG_ENABLE_OBJC_WEAK = YES;
				CLANG_WARN_BLOCK_CAPTURE_AUTORELEASING = YES;
				CLANG_WARN_BOOL_CONVERSION = YES;
				CLANG_WARN_COMMA = YES;
				CLANG_WARN_CONSTANT_CONVERSION = YES;
				CLANG_WARN_DEPRECATED_OBJC_IMPLEMENTATIONS = YES;
				CLANG_WARN_DIRECT_OBJC_ISA_USAGE = YES_ERROR;
				CLANG_WARN_DOCUMENTATION_COMMENTS = YES;
				CLANG_WARN_EMPTY_BODY = YES;
				CLANG_WARN_ENUM_CONVERSION = YES;
				CLANG_WARN_INFINITE_RECURSION = YES;
				CLANG_WARN_INT_CONVERSION = YES;
				CLANG_WARN_NON_LITERAL_NULL_CONVERSION = YES;
				CLANG_WARN_OBJC_IMPLICIT_RETAIN_SELF = YES;
				CLANG_WARN_OBJC_LITERAL_CONVERSION = YES;
				CLANG_WARN_OBJC_ROOT_CLASS = YES_ERROR;
				CLANG_WARN_RANGE_LOOP_ANALYSIS = YES;
				CLANG_WARN_STRICT_PROTOTYPES = YES;
				CLANG_WARN_SUSPICIOUS_MOVE = YES;
				CLANG_WARN_UNGUARDED_AVAILABILITY = YES_AGGRESSIVE;
				CLANG_WARN_UNREACHABLE_CODE = YES;
				CLANG_WARN__DUPLICATE_METHOD_MATCH = YES;
				CODE_SIGN_IDENTITY = "iPhone Developer";
				COPY_PHASE_STRIP = NO;
				DEBUG_INFORMATION_FORMAT = "dwarf-with-dsym";
				ENABLE_NS_ASSERTIONS = NO;
				ENABLE_STRICT_OBJC_MSGSEND = YES;
				GCC_C_LANGUAGE_STANDARD = gnu11;
				GCC_NO_COMMON_BLOCKS = YES;
				GCC_WARN_64_TO_32_BIT_CONVERSION = YES;
				GCC_WARN_ABOUT_RETURN_TYPE = YES_ERROR;
				GCC_WARN_UNDECLARED_SELECTOR = YES;
				GCC_WARN_UNINITIALIZED_AUTOS = YES_AGGRESSIVE;
				GCC_WARN_UNUSED_FUNCTION = YES;
				GCC_WARN_UNUSED_VARIABLE = YES;
				IPHONEOS_DEPLOYMENT_TARGET = 12.1;
				MTL_ENABLE_DEBUG_INFO = NO;
				MTL_FAST_MATH = YES;
				SDKROOT = iphoneos;
				VALIDATE_PRODUCT = YES;
			};
			name = Release;
		};
		841E3A8C221D219F008A6545 /* Debug */ = {
			isa = XCBuildConfiguration;
			buildSettings = {
				ASSETCATALOG_COMPILER_APPICON_NAME = AppIcon;
				CODE_SIGN_STYLE = Automatic;
				DEVELOPMENT_TEAM = WT237WBUX8;
				INFOPLIST_FILE = "$(SRCROOT)/algoDemo/support files/Info.plist";
				IPHONEOS_DEPLOYMENT_TARGET = 11.4;
				LD_RUNPATH_SEARCH_PATHS = (
					"$(inherited)",
					"@executable_path/Frameworks",
				);
				PRODUCT_BUNDLE_IDENTIFIER = com.allyes.algoDemo;
				PRODUCT_NAME = "$(TARGET_NAME)";
				TARGETED_DEVICE_FAMILY = "1,2";
			};
			name = Debug;
		};
		841E3A8D221D219F008A6545 /* Release */ = {
			isa = XCBuildConfiguration;
			buildSettings = {
				ASSETCATALOG_COMPILER_APPICON_NAME = AppIcon;
				CODE_SIGN_STYLE = Automatic;
				DEVELOPMENT_TEAM = WT237WBUX8;
				INFOPLIST_FILE = "$(SRCROOT)/algoDemo/support files/Info.plist";
				IPHONEOS_DEPLOYMENT_TARGET = 11.4;
				LD_RUNPATH_SEARCH_PATHS = (
					"$(inherited)",
					"@executable_path/Frameworks",
				);
				PRODUCT_BUNDLE_IDENTIFIER = com.allyes.algoDemo;
				PRODUCT_NAME = "$(TARGET_NAME)";
				TARGETED_DEVICE_FAMILY = "1,2";
			};
			name = Release;
		};
		841E3A8F221D219F008A6545 /* Debug */ = {
			isa = XCBuildConfiguration;
			buildSettings = {
				BUNDLE_LOADER = "$(TEST_HOST)";
				CODE_SIGN_STYLE = Automatic;
				DEVELOPMENT_TEAM = WT237WBUX8;
				INFOPLIST_FILE = algoDemoTests/Info.plist;
				LD_RUNPATH_SEARCH_PATHS = (
					"$(inherited)",
					"@executable_path/Frameworks",
					"@loader_path/Frameworks",
				);
				PRODUCT_BUNDLE_IDENTIFIER = com.allyes.algoDemoTests;
				PRODUCT_NAME = "$(TARGET_NAME)";
				TARGETED_DEVICE_FAMILY = "1,2";
				TEST_HOST = "$(BUILT_PRODUCTS_DIR)/algoDemo.app/algoDemo";
			};
			name = Debug;
		};
		841E3A90221D219F008A6545 /* Release */ = {
			isa = XCBuildConfiguration;
			buildSettings = {
				BUNDLE_LOADER = "$(TEST_HOST)";
				CODE_SIGN_STYLE = Automatic;
				DEVELOPMENT_TEAM = WT237WBUX8;
				INFOPLIST_FILE = algoDemoTests/Info.plist;
				LD_RUNPATH_SEARCH_PATHS = (
					"$(inherited)",
					"@executable_path/Frameworks",
					"@loader_path/Frameworks",
				);
				PRODUCT_BUNDLE_IDENTIFIER = com.allyes.algoDemoTests;
				PRODUCT_NAME = "$(TARGET_NAME)";
				TARGETED_DEVICE_FAMILY = "1,2";
				TEST_HOST = "$(BUILT_PRODUCTS_DIR)/algoDemo.app/algoDemo";
			};
			name = Release;
		};
/* End XCBuildConfiguration section */

/* Begin XCConfigurationList section */
		841E3A65221D219B008A6545 /* Build configuration list for PBXProject "algoDemo" */ = {
			isa = XCConfigurationList;
			buildConfigurations = (
				841E3A89221D219F008A6545 /* Debug */,
				841E3A8A221D219F008A6545 /* Release */,
			);
			defaultConfigurationIsVisible = 0;
			defaultConfigurationName = Release;
		};
		841E3A8B221D219F008A6545 /* Build configuration list for PBXNativeTarget "algoDemo" */ = {
			isa = XCConfigurationList;
			buildConfigurations = (
				841E3A8C221D219F008A6545 /* Debug */,
				841E3A8D221D219F008A6545 /* Release */,
			);
			defaultConfigurationIsVisible = 0;
			defaultConfigurationName = Release;
		};
		841E3A8E221D219F008A6545 /* Build configuration list for PBXNativeTarget "algoDemoTests" */ = {
			isa = XCConfigurationList;
			buildConfigurations = (
				841E3A8F221D219F008A6545 /* Debug */,
				841E3A90221D219F008A6545 /* Release */,
			);
			defaultConfigurationIsVisible = 0;
			defaultConfigurationName = Release;
		};
/* End XCConfigurationList section */
	};
	rootObject = 841E3A62221D219B008A6545 /* Project object */;
}
